// !$*UTF8*$!
{
	archiveVersion = 1;
	classes = {
	};
	objectVersion = 48;
	objects = {

/* Begin PBXBuildFile section */
		122711F31F1C56AC00E322B8 /* AppDelegate.swift in Sources */ = {isa = PBXBuildFile; fileRef = 122711F21F1C56AC00E322B8 /* AppDelegate.swift */; };
		122711F51F1C56AC00E322B8 /* ViewController.swift in Sources */ = {isa = PBXBuildFile; fileRef = 122711F41F1C56AC00E322B8 /* ViewController.swift */; };
		122711F81F1C56AC00E322B8 /* Main.storyboard in Resources */ = {isa = PBXBuildFile; fileRef = 122711F61F1C56AC00E322B8 /* Main.storyboard */; };
		122711FA1F1C56AC00E322B8 /* Assets.xcassets in Resources */ = {isa = PBXBuildFile; fileRef = 122711F91F1C56AC00E322B8 /* Assets.xcassets */; };
		122711FD1F1C56AC00E322B8 /* LaunchScreen.storyboard in Resources */ = {isa = PBXBuildFile; fileRef = 122711FB1F1C56AC00E322B8 /* LaunchScreen.storyboard */; };
		122712051F1C56D100E322B8 /* Quake.swift in Sources */ = {isa = PBXBuildFile; fileRef = 122712041F1C56D100E322B8 /* Quake.swift */; };
/* End PBXBuildFile section */

/* Begin PBXFileReference section */
		122711EF1F1C56AC00E322B8 /* QuakeDecode.app */ = {isa = PBXFileReference; explicitFileType = wrapper.application; includeInIndex = 0; path = QuakeDecode.app; sourceTree = BUILT_PRODUCTS_DIR; };
		122711F21F1C56AC00E322B8 /* AppDelegate.swift */ = {isa = PBXFileReference; lastKnownFileType = sourcecode.swift; path = AppDelegate.swift; sourceTree = "<group>"; };
		122711F41F1C56AC00E322B8 /* ViewController.swift */ = {isa = PBXFileReference; lastKnownFileType = sourcecode.swift; path = ViewController.swift; sourceTree = "<group>"; };
		122711F71F1C56AC00E322B8 /* Base */ = {isa = PBXFileReference; lastKnownFileType = file.storyboard; name = Base; path = Base.lproj/Main.storyboard; sourceTree = "<group>"; };
		122711F91F1C56AC00E322B8 /* Assets.xcassets */ = {isa = PBXFileReference; lastKnownFileType = folder.assetcatalog; path = Assets.xcassets; sourceTree = "<group>"; };
		122711FC1F1C56AC00E322B8 /* Base */ = {isa = PBXFileReference; lastKnownFileType = file.storyboard; name = Base; path = Base.lproj/LaunchScreen.storyboard; sourceTree = "<group>"; };
		122711FE1F1C56AC00E322B8 /* Info.plist */ = {isa = PBXFileReference; lastKnownFileType = text.plist.xml; path = Info.plist; sourceTree = "<group>"; };
		122712041F1C56D100E322B8 /* Quake.swift */ = {isa = PBXFileReference; lastKnownFileType = sourcecode.swift; path = Quake.swift; sourceTree = "<group>"; };
/* End PBXFileReference section */

/* Begin PBXFrameworksBuildPhase section */
		122711EC1F1C56AC00E322B8 /* Frameworks */ = {
			isa = PBXFrameworksBuildPhase;
			buildActionMask = 2147483647;
			files = (
			);
			runOnlyForDeploymentPostprocessing = 0;
		};
/* End PBXFrameworksBuildPhase section */

/* Begin PBXGroup section */
		122711E61F1C56AC00E322B8 = {
			isa = PBXGroup;
			children = (
				122711F11F1C56AC00E322B8 /* QuakeDecode */,
				122711F01F1C56AC00E322B8 /* Products */,
			);
			sourceTree = "<group>";
		};
		122711F01F1C56AC00E322B8 /* Products */ = {
			isa = PBXGroup;
			children = (
				122711EF1F1C56AC00E322B8 /* QuakeDecode.app */,
			);
			name = Products;
			sourceTree = "<group>";
		};
		122711F11F1C56AC00E322B8 /* QuakeDecode */ = {
			isa = PBXGroup;
			children = (
				122711F21F1C56AC00E322B8 /* AppDelegate.swift */,
				122711F41F1C56AC00E322B8 /* ViewController.swift */,
				122712041F1C56D100E322B8 /* Quake.swift */,
				122711F61F1C56AC00E322B8 /* Main.storyboard */,
				122711F91F1C56AC00E322B8 /* Assets.xcassets */,
				122711FB1F1C56AC00E322B8 /* LaunchScreen.storyboard */,
				122711FE1F1C56AC00E322B8 /* Info.plist */,
			);
			path = QuakeDecode;
			sourceTree = "<group>";
		};
/* End PBXGroup section */

/* Begin PBXNativeTarget section */
		122711EE1F1C56AC00E322B8 /* QuakeDecode */ = {
			isa = PBXNativeTarget;
			buildConfigurationList = 122712011F1C56AC00E322B8 /* Build configuration list for PBXNativeTarget "QuakeDecode" */;
			buildPhases = (
				122711EB1F1C56AC00E322B8 /* Sources */,
				122711EC1F1C56AC00E322B8 /* Frameworks */,
				122711ED1F1C56AC00E322B8 /* Resources */,
			);
			buildRules = (
			);
			dependencies = (
			);
			name = QuakeDecode;
			productName = QuakeDecode;
			productReference = 122711EF1F1C56AC00E322B8 /* QuakeDecode.app */;
			productType = "com.apple.product-type.application";
		};
/* End PBXNativeTarget section */

/* Begin PBXProject section */
		122711E71F1C56AC00E322B8 /* Project object */ = {
			isa = PBXProject;
			attributes = {
				LastSwiftUpdateCheck = 0900;
				LastUpgradeCheck = 0900;
				ORGANIZATIONNAME = test;
				TargetAttributes = {
					122711EE1F1C56AC00E322B8 = {
						CreatedOnToolsVersion = 9.0;
						LastSwiftMigration = 1010;
					};
				};
			};
			buildConfigurationList = 122711EA1F1C56AC00E322B8 /* Build configuration list for PBXProject "QuakeDecode" */;
			compatibilityVersion = "Xcode 8.0";
			developmentRegion = en;
			hasScannedForEncodings = 0;
			knownRegions = (
				en,
				Base,
			);
			mainGroup = 122711E61F1C56AC00E322B8;
			productRefGroup = 122711F01F1C56AC00E322B8 /* Products */;
			projectDirPath = "";
			projectRoot = "";
			targets = (
				122711EE1F1C56AC00E322B8 /* QuakeDecode */,
			);
		};
/* End PBXProject section */

/* Begin PBXResourcesBuildPhase section */
		122711ED1F1C56AC00E322B8 /* Resources */ = {
			isa = PBXResourcesBuildPhase;
			buildActionMask = 2147483647;
			files = (
				122711FD1F1C56AC00E322B8 /* LaunchScreen.storyboard in Resources */,
				122711FA1F1C56AC00E322B8 /* Assets.xcassets in Resources */,
				122711F81F1C56AC00E322B8 /* Main.storyboard in Resources */,
			);
			runOnlyForDeploymentPostprocessing = 0;
		};
/* End PBXResourcesBuildPhase section */

/* Begin PBXSourcesBuildPhase section */
		122711EB1F1C56AC00E322B8 /* Sources */ = {
			isa = PBXSourcesBuildPhase;
			buildActionMask = 2147483647;
			files = (
				122711F51F1C56AC00E322B8 /* ViewController.swift in Sources */,
				122712051F1C56D100E322B8 /* Quake.swift in Sources */,
				122711F31F1C56AC00E322B8 /* AppDelegate.swift in Sources */,
			);
			runOnlyForDeploymentPostprocessing = 0;
		};
/* End PBXSourcesBuildPhase section */

/* Begin PBXVariantGroup section */
		122711F61F1C56AC00E322B8 /* Main.storyboard */ = {
			isa = PBXVariantGroup;
			children = (
				122711F71F1C56AC00E322B8 /* Base */,
			);
			name = Main.storyboard;
			sourceTree = "<group>";
		};
		122711FB1F1C56AC00E322B8 /* LaunchScreen.storyboard */ = {
			isa = PBXVariantGroup;
			children = (
				122711FC1F1C56AC00E322B8 /* Base */,
			);
			name = LaunchScreen.storyboard;
			sourceTree = "<group>";
		};
/* End PBXVariantGroup section */

/* Begin XCBuildConfiguration section */
		122711FF1F1C56AC00E322B8 /* Debug */ = {
			isa = XCBuildConfiguration;
			buildSettings = {
				ALWAYS_SEARCH_USER_PATHS = NO;
				CLANG_ANALYZER_NONNULL = YES;
				CLANG_ANALYZER_NUMBER_OBJECT_CONVERSION = YES_AGGRESSIVE;
				CLANG_CXX_LANGUAGE_STANDARD = "gnu++14";
				CLANG_CXX_LIBRARY = "libc++";
				CLANG_ENABLE_MODULES = YES;
				CLANG_ENABLE_OBJC_ARC = YES;
				CLANG_WARN_BLOCK_CAPTURE_AUTORELEASING = YES;
				CLANG_WARN_BOOL_CONVERSION = YES;
				CLANG_WARN_COMMA = YES;
				CLANG_WARN_CONSTANT_CONVERSION = YES;
				CLANG_WARN_DIRECT_OBJC_ISA_USAGE = YES_ERROR;
				CLANG_WARN_DOCUMENTATION_COMMENTS = YES;
				CLANG_WARN_EMPTY_BODY = YES;
				CLANG_WARN_ENUM_CONVERSION = YES;
				CLANG_WARN_INFINITE_RECURSION = YES;
				CLANG_WARN_INT_CONVERSION = YES;
				CLANG_WARN_NON_LITERAL_NULL_CONVERSION = YES;
				CLANG_WARN_OBJC_LITERAL_CONVERSION = YES;
				CLANG_WARN_OBJC_ROOT_CLASS = YES_ERROR;
				CLANG_WARN_RANGE_LOOP_ANALYSIS = YES;
				CLANG_WARN_STRICT_PROTOTYPES = YES;
				CLANG_WARN_SUSPICIOUS_MOVE = YES;
				CLANG_WARN_UNGUARDED_AVAILABILITY = YES_AGGRESSIVE;
				CLANG_WARN_UNREACHABLE_CODE = YES;
				CLANG_WARN__DUPLICATE_METHOD_MATCH = YES;
				CODE_SIGN_IDENTITY = "iPhone Developer";
				COPY_PHASE_STRIP = NO;
				DEBUG_INFORMATION_FORMAT = dwarf;
				ENABLE_STRICT_OBJC_MSGSEND = YES;
				ENABLE_TESTABILITY = YES;
				GCC_C_LANGUAGE_STANDARD = gnu11;
				GCC_DYNAMIC_NO_PIC = NO;
				GCC_NO_COMMON_BLOCKS = YES;
				GCC_OPTIMIZATION_LEVEL = 0;
				GCC_PREPROCESSOR_DEFINITIONS = (
					"DEBUG=1",
					"$(inherited)",
				);
				GCC_WARN_64_TO_32_BIT_CONVERSION = YES;
				GCC_WARN_ABOUT_RETURN_TYPE = YES_ERROR;
				GCC_WARN_UNDECLARED_SELECTOR = YES;
				GCC_WARN_UNINITIALIZED_AUTOS = YES_AGGRESSIVE;
				GCC_WARN_UNUSED_FUNCTION = YES;
				GCC_WARN_UNUSED_VARIABLE = YES;
				IPHONEOS_DEPLOYMENT_TARGET = 11.0;
				MTL_ENABLE_DEBUG_INFO = YES;
				ONLY_ACTIVE_ARCH = YES;
				SDKROOT = iphoneos;
				SWIFT_ACTIVE_COMPILATION_CONDITIONS = DEBUG;
				SWIFT_OPTIMIZATION_LEVEL = "-Onone";
			};
			name = Debug;
		};
		122712001F1C56AC00E322B8 /* Release */ = {
			isa = XCBuildConfiguration;
			buildSettings = {
				ALWAYS_SEARCH_USER_PATHS = NO;
				CLANG_ANALYZER_NONNULL = YES;
				CLANG_ANALYZER_NUMBER_OBJECT_CONVERSION = YES_AGGRESSIVE;
				CLANG_CXX_LANGUAGE_STANDARD = "gnu++14";
				CLANG_CXX_LIBRARY = "libc++";
				CLANG_ENABLE_MODULES = YES;
				CLANG_ENABLE_OBJC_ARC = YES;
				CLANG_WARN_BLOCK_CAPTURE_AUTORELEASING = YES;
				CLANG_WARN_BOOL_CONVERSION = YES;
				CLANG_WARN_COMMA = YES;
				CLANG_WARN_CONSTANT_CONVERSION = YES;
				CLANG_WARN_DIRECT_OBJC_ISA_USAGE = YES_ERROR;
				CLANG_WARN_DOCUMENTATION_COMMENTS = YES;
				CLANG_WARN_EMPTY_BODY = YES;
				CLANG_WARN_ENUM_CONVERSION = YES;
				CLANG_WARN_INFINITE_RECURSION = YES;
				CLANG_WARN_INT_CONVERSION = YES;
				CLANG_WARN_NON_LITERAL_NULL_CONVERSION = YES;
				CLANG_WARN_OBJC_LITERAL_CONVERSION = YES;
				CLANG_WARN_OBJC_ROOT_CLASS = YES_ERROR;
				CLANG_WARN_RANGE_LOOP_ANALYSIS = YES;
				CLANG_WARN_STRICT_PROTOTYPES = YES;
				CLANG_WARN_SUSPICIOUS_MOVE = YES;
				CLANG_WARN_UNGUARDED_AVAILABILITY = YES_AGGRESSIVE;
				CLANG_WARN_UNREACHABLE_CODE = YES;
				CLANG_WARN__DUPLICATE_METHOD_MATCH = YES;
				CODE_SIGN_IDENTITY = "iPhone Developer";
				COPY_PHASE_STRIP = NO;
				DEBUG_INFORMATION_FORMAT = "dwarf-with-dsym";
				ENABLE_NS_ASSERTIONS = NO;
				ENABLE_STRICT_OBJC_MSGSEND = YES;
				GCC_C_LANGUAGE_STANDARD = gnu11;
				GCC_NO_COMMON_BLOCKS = YES;
				GCC_WARN_64_TO_32_BIT_CONVERSION = YES;
				GCC_WARN_ABOUT_RETURN_TYPE = YES_ERROR;
				GCC_WARN_UNDECLARED_SELECTOR = YES;
				GCC_WARN_UNINITIALIZED_AUTOS = YES_AGGRESSIVE;
				GCC_WARN_UNUSED_FUNCTION = YES;
				GCC_WARN_UNUSED_VARIABLE = YES;
				IPHONEOS_DEPLOYMENT_TARGET = 11.0;
				MTL_ENABLE_DEBUG_INFO = NO;
				SDKROOT = iphoneos;
				SWIFT_OPTIMIZATION_LEVEL = "-Owholemodule";
				VALIDATE_PRODUCT = YES;
			};
			name = Release;
		};
		122712021F1C56AC00E322B8 /* Debug */ = {
			isa = XCBuildConfiguration;
			buildSettings = {
				ASSETCATALOG_COMPILER_APPICON_NAME = AppIcon;
				DEVELOPMENT_TEAM = 97JN7SJ3KH;
				INFOPLIST_FILE = QuakeDecode/Info.plist;
				IPHONEOS_DEPLOYMENT_TARGET = 10.0;
				LD_RUNPATH_SEARCH_PATHS = "$(inherited) @executable_path/Frameworks";
				PRODUCT_BUNDLE_IDENTIFIER = test.QuakeDecode;
				PRODUCT_NAME = "$(TARGET_NAME)";
				SWIFT_VERSION = 4.2;
				TARGETED_DEVICE_FAMILY = "1,2";
			};
			name = Debug;
		};
		122712031F1C56AC00E322B8 /* Release */ = {
			isa = XCBuildConfiguration;
			buildSettings = {
				ASSETCATALOG_COMPILER_APPICON_NAME = AppIcon;
				DEVELOPMENT_TEAM = 97JN7SJ3KH;
				INFOPLIST_FILE = QuakeDecode/Info.plist;
				IPHONEOS_DEPLOYMENT_TARGET = 10.0;
				LD_RUNPATH_SEARCH_PATHS = "$(inherited) @executable_path/Frameworks";
				PRODUCT_BUNDLE_IDENTIFIER = test.QuakeDecode;
				PRODUCT_NAME = "$(TARGET_NAME)";
				SWIFT_VERSION = 4.2;
				TARGETED_DEVICE_FAMILY = "1,2";
			};
			name = Release;
		};
/* End XCBuildConfiguration section */

/* Begin XCConfigurationList section */
		122711EA1F1C56AC00E322B8 /* Build configuration list for PBXProject "QuakeDecode" */ = {
			isa = XCConfigurationList;
			buildConfigurations = (
				122711FF1F1C56AC00E322B8 /* Debug */,
				122712001F1C56AC00E322B8 /* Release */,
			);
			defaultConfigurationIsVisible = 0;
			defaultConfigurationName = Release;
		};
		122712011F1C56AC00E322B8 /* Build configuration list for PBXNativeTarget "QuakeDecode" */ = {
			isa = XCConfigurationList;
			buildConfigurations = (
				122712021F1C56AC00E322B8 /* Debug */,
				122712031F1C56AC00E322B8 /* Release */,
			);
			defaultConfigurationIsVisible = 0;
			defaultConfigurationName = Release;
		};
/* End XCConfigurationList section */
	};
	rootObject = 122711E71F1C56AC00E322B8 /* Project object */;
}
